
Microsoft Visual Studio Solution File, Format Version 12.00
# Visual Studio Version 16
VisualStudioVersion = 16.0.30523.141
MinimumVisualStudioVersion = 10.0.40219.1
Project("{FAE04EC0-301F-11D3-BF4B-00C04F79EFBC}") = "FTUc", "FTUc.csproj", "{6F52A86F-7C48-4751-B49C-D19AA1F71DAF}"
EndProject
Global
	GlobalSection(SolutionConfigurationPlatforms) = preSolution
		Debug|Any CPU = Debug|Any CPU
		Release|Any CPU = Release|Any CPU
	EndGlobalSection
	GlobalSection(ProjectConfigurationPlatforms) = postSolution
		{6F52A86F-7C48-4751-B49C-D19AA1F71DAF}.Debug|Any CPU.ActiveCfg = Debug|Any CPU
		{6F52A86F-7C48-4751-B49C-D19AA1F71DAF}.Debug|Any CPU.Build.0 = Debug|Any CPU
		{6F52A86F-7C48-4751-B49C-D19AA1F71DAF}.Release|Any CPU.ActiveCfg = Release|Any CPU
		{6F52A86F-7C48-4751-B49C-D19AA1F71DAF}.Release|Any CPU.Build.0 = Release|Any CPU
	EndGlobalSection
	GlobalSection(SolutionProperties) = preSolution
		HideSolutionNode = FALSE
	EndGlobalSection
	GlobalSection(ExtensibilityGlobals) = postSolution
		SolutionGuid = {0084F860-4C4D-4505-8F5F-6A5E556DF12A}
	EndGlobalSection
EndGlobal
